github.com/codegangsta/negroni v1.0.0 h1:+aYywywx4bnKXWvoWtRfJ91vC59NbEhEY03sZjQhbVY=
github.com/codegangsta/negroni v1.0.0/go.mod h1:v0y3T5G7Y1UlFfyxFn/QLRU4a2EuNau2iZY63YTKWo0=
github.com/eknkc/amber v0.0.0-20171010120322-cdade1c07385/go.mod h1:0vRUJqYpeSZifjYj7uP3BG/gKcuzL9xWVV/Y+cK33KM=
github.com/go-chi/chi v4.0.2+incompatible h1:maB6vn6FqCxrpz4FqWdh4+lwpyZIQS7YEAUcHlgXVRs=
github.com/go-chi/chi v4.0.2+incompatible/go.mod h1:eB3wogJHnLi3x/kFX2A+IbTBlXxmMeXJVKy9tTv1XzQ=
github.com/jordan-wright/unindexed v0.0.0-20181209214434-78fa79113c0f h1:bYVTBvVHcAYDkH8hyVMRUW7J2mYQNNSmQPXGadYd1nY=
github.com/jordan-wright/unindexed v0.0.0-20181209214434-78fa79113c0f/go.mod h1:eRt05O5haIXGKGodWjpQ2xdgBHTE7hg/pzsukNi9IRA=
github.com/logrusorgru/aurora v0.0.0-20190803045625-94edacc10f9b h1:PMbSa9CgaiQR9NLlUTwKi+7aeLl3GG5JX5ERJxfQ3IE=
github.com/logrusorgru/aurora v0.0.0-20190803045625-94edacc10f9b/go.mod h1:7rIyQOR62GCctdiQpZ/zOJlFyk6y+94wXzv6RNZgaR4=
github.com/unrolled/render v1.0.1 h1:VDDnQQVfBMsOsp3VaCJszSO0nkBIVEYoPWeRThk9spY=
github.com/unrolled/render v1.0.1/go.mod h1:gN9T0NhL4Bfbwu8ann7Ry/TGHYfosul+J0obPf6NBdM=
github.com/unrolled/secure v1.0.1 h1:PZ79/VmnyIrDWRAUp9lWSwmckdf8H0v9djiqZxAb8Tc=
github.com/unrolled/secure v1.0.1/go.mod h1:R6rugAuzh4TQpbFAq69oqZggyBQxFRFQIewtz5z7Jsc=
